// !$*UTF8*$!
{
	archiveVersion = 1;
	classes = {
	};
	objectVersion = 46;
	objects = {

/* Begin PBXBuildFile section */
		D426F6741438EE1D00EE3AC6 /* Foundation.framework in Frameworks */ = {isa = PBXBuildFile; fileRef = D426F6731438EE1D00EE3AC6 /* Foundation.framework */; };
		D426F6771438EE1D00EE3AC6 /* main.m in Sources */ = {isa = PBXBuildFile; fileRef = D426F6761438EE1D00EE3AC6 /* main.m */; };
/* End PBXBuildFile section */

/* Begin PBXCopyFilesBuildPhase section */
		D426F66D1438EE1D00EE3AC6 /* CopyFiles */ = {
			isa = PBXCopyFilesBuildPhase;
			buildActionMask = 2147483647;
			dstPath = /usr/share/man/man1/;
			dstSubfolderSpec = 0;
			files = (
			);
			runOnlyForDeploymentPostprocessing = 1;
		};
/* End PBXCopyFilesBuildPhase section */

/* Begin PBXFileReference section */
		D426F66F1438EE1D00EE3AC6 /* ExampleObjectiveC05 */ = {isa = PBXFileReference; explicitFileType = "compiled.mach-o.executable"; includeInIndex = 0; path = ExampleObjectiveC05; sourceTree = BUILT_PRODUCTS_DIR; };
		D426F6731438EE1D00EE3AC6 /* Foundation.framework */ = {isa = PBXFileReference; lastKnownFileType = wrapper.framework; name = Foundation.framework; path = System/Library/Frameworks/Foundation.framework; sourceTree = SDKROOT; };
		D426F6761438EE1D00EE3AC6 /* main.m */ = {isa = PBXFileReference; lastKnownFileType = sourcecode.c.objc; path = main.m; sourceTree = "<group>"; };
		D426F6791438EE1D00EE3AC6 /* ExampleObjectiveC05-Prefix.pch */ = {isa = PBXFileReference; lastKnownFileType = sourcecode.c.h; path = "ExampleObjectiveC05-Prefix.pch"; sourceTree = "<group>"; };
		D426F67A1438EE1D00EE3AC6 /* ExampleObjectiveC05.1 */ = {isa = PBXFileReference; lastKnownFileType = text.man; path = ExampleObjectiveC05.1; sourceTree = "<group>"; };
/* End PBXFileReference section */

/* Begin PBXFrameworksBuildPhase section */
		D426F66C1438EE1D00EE3AC6 /* Frameworks */ = {
			isa = PBXFrameworksBuildPhase;
			buildActionMask = 2147483647;
			files = (
				D426F6741438EE1D00EE3AC6 /* Foundation.framework in Frameworks */,
			);
			runOnlyForDeploymentPostprocessing = 0;
		};
/* End PBXFrameworksBuildPhase section */

/* Begin PBXGroup section */
		D426F6641438EE1D00EE3AC6 = {
			isa = PBXGroup;
			children = (
				D426F6751438EE1D00EE3AC6 /* ExampleObjectiveC05 */,
				D426F6721438EE1D00EE3AC6 /* Frameworks */,
				D426F6701438EE1D00EE3AC6 /* Products */,
			);
			sourceTree = "<group>";
		};
		D426F6701438EE1D00EE3AC6 /* Products */ = {
			isa = PBXGroup;
			children = (
				D426F66F1438EE1D00EE3AC6 /* ExampleObjectiveC05 */,
			);
			name = Products;
			sourceTree = "<group>";
		};
		D426F6721438EE1D00EE3AC6 /* Frameworks */ = {
			isa = PBXGroup;
			children = (
				D426F6731438EE1D00EE3AC6 /* Foundation.framework */,
			);
			name = Frameworks;
			sourceTree = "<group>";
		};
		D426F6751438EE1D00EE3AC6 /* ExampleObjectiveC05 */ = {
			isa = PBXGroup;
			children = (
				D426F6761438EE1D00EE3AC6 /* main.m */,
				D426F67A1438EE1D00EE3AC6 /* ExampleObjectiveC05.1 */,
				D426F6781438EE1D00EE3AC6 /* Supporting Files */,
			);
			path = ExampleObjectiveC05;
			sourceTree = "<group>";
		};
		D426F6781438EE1D00EE3AC6 /* Supporting Files */ = {
			isa = PBXGroup;
			children = (
				D426F6791438EE1D00EE3AC6 /* ExampleObjectiveC05-Prefix.pch */,
			);
			name = "Supporting Files";
			sourceTree = "<group>";
		};
/* End PBXGroup section */

/* Begin PBXNativeTarget section */
		D426F66E1438EE1D00EE3AC6 /* ExampleObjectiveC05 */ = {
			isa = PBXNativeTarget;
			buildConfigurationList = D426F67D1438EE1D00EE3AC6 /* Build configuration list for PBXNativeTarget "ExampleObjectiveC05" */;
			buildPhases = (
				D426F66B1438EE1D00EE3AC6 /* Sources */,
				D426F66C1438EE1D00EE3AC6 /* Frameworks */,
				D426F66D1438EE1D00EE3AC6 /* CopyFiles */,
			);
			buildRules = (
			);
			dependencies = (
			);
			name = ExampleObjectiveC05;
			productName = ExampleObjectiveC05;
			productReference = D426F66F1438EE1D00EE3AC6 /* ExampleObjectiveC05 */;
			productType = "com.apple.product-type.tool";
		};
/* End PBXNativeTarget section */

/* Begin PBXProject section */
		D426F6661438EE1D00EE3AC6 /* Project object */ = {
			isa = PBXProject;
			buildConfigurationList = D426F6691438EE1D00EE3AC6 /* Build configuration list for PBXProject "ExampleObjectiveC05" */;
			compatibilityVersion = "Xcode 3.2";
			developmentRegion = English;
			hasScannedForEncodings = 0;
			knownRegions = (
				en,
			);
			mainGroup = D426F6641438EE1D00EE3AC6;
			productRefGroup = D426F6701438EE1D00EE3AC6 /* Products */;
			projectDirPath = "";
			projectRoot = "";
			targets = (
				D426F66E1438EE1D00EE3AC6 /* ExampleObjectiveC05 */,
			);
		};
/* End PBXProject section */

/* Begin PBXSourcesBuildPhase section */
		D426F66B1438EE1D00EE3AC6 /* Sources */ = {
			isa = PBXSourcesBuildPhase;
			buildActionMask = 2147483647;
			files = (
				D426F6771438EE1D00EE3AC6 /* main.m in Sources */,
			);
			runOnlyForDeploymentPostprocessing = 0;
		};
/* End PBXSourcesBuildPhase section */

/* Begin XCBuildConfiguration section */
		D426F67B1438EE1D00EE3AC6 /* Debug */ = {
			isa = XCBuildConfiguration;
			buildSettings = {
				ARCHS = "$(ARCHS_STANDARD_32_64_BIT)";
				GCC_C_LANGUAGE_STANDARD = gnu99;
				GCC_OPTIMIZATION_LEVEL = 0;
				GCC_PREPROCESSOR_DEFINITIONS = DEBUG;
				GCC_SYMBOLS_PRIVATE_EXTERN = NO;
				GCC_VERSION = com.apple.compilers.llvm.clang.1_0;
				GCC_WARN_64_TO_32_BIT_CONVERSION = YES;
				GCC_WARN_ABOUT_RETURN_TYPE = YES;
				GCC_WARN_UNUSED_VARIABLE = YES;
				MACOSX_DEPLOYMENT_TARGET = 10.6;
				ONLY_ACTIVE_ARCH = YES;
				SDKROOT = macosx;
			};
			name = Debug;
		};
		D426F67C1438EE1D00EE3AC6 /* Release */ = {
			isa = XCBuildConfiguration;
			buildSettings = {
				ARCHS = "$(ARCHS_STANDARD_32_64_BIT)";
				GCC_C_LANGUAGE_STANDARD = gnu99;
				GCC_VERSION = com.apple.compilers.llvm.clang.1_0;
				GCC_WARN_64_TO_32_BIT_CONVERSION = YES;
				GCC_WARN_ABOUT_RETURN_TYPE = YES;
				GCC_WARN_UNUSED_VARIABLE = YES;
				MACOSX_DEPLOYMENT_TARGET = 10.6;
				SDKROOT = macosx;
			};
			name = Release;
		};
		D426F67E1438EE1D00EE3AC6 /* Debug */ = {
			isa = XCBuildConfiguration;
			buildSettings = {
				ALWAYS_SEARCH_USER_PATHS = NO;
				COPY_PHASE_STRIP = NO;
				GCC_DYNAMIC_NO_PIC = NO;
				GCC_ENABLE_OBJC_EXCEPTIONS = YES;
				GCC_PRECOMPILE_PREFIX_HEADER = YES;
				GCC_PREFIX_HEADER = "ExampleObjectiveC05/ExampleObjectiveC05-Prefix.pch";
				PRODUCT_NAME = "$(TARGET_NAME)";
			};
			name = Debug;
		};
		D426F67F1438EE1D00EE3AC6 /* Release */ = {
			isa = XCBuildConfiguration;
			buildSettings = {
				ALWAYS_SEARCH_USER_PATHS = NO;
				COPY_PHASE_STRIP = YES;
				DEBUG_INFORMATION_FORMAT = "dwarf-with-dsym";
				GCC_ENABLE_OBJC_EXCEPTIONS = YES;
				GCC_PRECOMPILE_PREFIX_HEADER = YES;
				GCC_PREFIX_HEADER = "ExampleObjectiveC05/ExampleObjectiveC05-Prefix.pch";
				PRODUCT_NAME = "$(TARGET_NAME)";
			};
			name = Release;
		};
/* End XCBuildConfiguration section */

/* Begin XCConfigurationList section */
		D426F6691438EE1D00EE3AC6 /* Build configuration list for PBXProject "ExampleObjectiveC05" */ = {
			isa = XCConfigurationList;
			buildConfigurations = (
				D426F67B1438EE1D00EE3AC6 /* Debug */,
				D426F67C1438EE1D00EE3AC6 /* Release */,
			);
			defaultConfigurationIsVisible = 0;
			defaultConfigurationName = Release;
		};
		D426F67D1438EE1D00EE3AC6 /* Build configuration list for PBXNativeTarget "ExampleObjectiveC05" */ = {
			isa = XCConfigurationList;
			buildConfigurations = (
				D426F67E1438EE1D00EE3AC6 /* Debug */,
				D426F67F1438EE1D00EE3AC6 /* Release */,
			);
			defaultConfigurationIsVisible = 0;
		};
/* End XCConfigurationList section */
	};
	rootObject = D426F6661438EE1D00EE3AC6 /* Project object */;
}
