// !$*UTF8*$!
{
	archiveVersion = 1;
	classes = {
	};
	objectVersion = 46;
	objects = {

/* Begin PBXBuildFile section */
		D476B12C143BE9D000610157 /* Foundation.framework in Frameworks */ = {isa = PBXBuildFile; fileRef = D476B12B143BE9D000610157 /* Foundation.framework */; };
		D476B12F143BE9D000610157 /* main.m in Sources */ = {isa = PBXBuildFile; fileRef = D476B12E143BE9D000610157 /* main.m */; };
		D476B13E143BF01D00610157 /* MyClass.m in Sources */ = {isa = PBXBuildFile; fileRef = D476B13D143BF01D00610157 /* MyClass.m */; };
/* End PBXBuildFile section */

/* Begin PBXCopyFilesBuildPhase section */
		D476B125143BE9D000610157 /* CopyFiles */ = {
			isa = PBXCopyFilesBuildPhase;
			buildActionMask = 2147483647;
			dstPath = /usr/share/man/man1/;
			dstSubfolderSpec = 0;
			files = (
			);
			runOnlyForDeploymentPostprocessing = 1;
		};
/* End PBXCopyFilesBuildPhase section */

/* Begin PBXFileReference section */
		D476B127143BE9D000610157 /* ExampleobjectiveC11 */ = {isa = PBXFileReference; explicitFileType = "compiled.mach-o.executable"; includeInIndex = 0; path = ExampleobjectiveC11; sourceTree = BUILT_PRODUCTS_DIR; };
		D476B12B143BE9D000610157 /* Foundation.framework */ = {isa = PBXFileReference; lastKnownFileType = wrapper.framework; name = Foundation.framework; path = System/Library/Frameworks/Foundation.framework; sourceTree = SDKROOT; };
		D476B12E143BE9D000610157 /* main.m */ = {isa = PBXFileReference; lastKnownFileType = sourcecode.c.objc; path = main.m; sourceTree = "<group>"; };
		D476B131143BE9D000610157 /* ExampleobjectiveC11-Prefix.pch */ = {isa = PBXFileReference; lastKnownFileType = sourcecode.c.h; path = "ExampleobjectiveC11-Prefix.pch"; sourceTree = "<group>"; };
		D476B132143BE9D000610157 /* ExampleobjectiveC11.1 */ = {isa = PBXFileReference; lastKnownFileType = text.man; path = ExampleobjectiveC11.1; sourceTree = "<group>"; };
		D476B13C143BF01D00610157 /* MyClass.h */ = {isa = PBXFileReference; fileEncoding = 4; lastKnownFileType = sourcecode.c.h; path = MyClass.h; sourceTree = "<group>"; };
		D476B13D143BF01D00610157 /* MyClass.m */ = {isa = PBXFileReference; fileEncoding = 4; lastKnownFileType = sourcecode.c.objc; path = MyClass.m; sourceTree = "<group>"; };
/* End PBXFileReference section */

/* Begin PBXFrameworksBuildPhase section */
		D476B124143BE9D000610157 /* Frameworks */ = {
			isa = PBXFrameworksBuildPhase;
			buildActionMask = 2147483647;
			files = (
				D476B12C143BE9D000610157 /* Foundation.framework in Frameworks */,
			);
			runOnlyForDeploymentPostprocessing = 0;
		};
/* End PBXFrameworksBuildPhase section */

/* Begin PBXGroup section */
		D476B11C143BE9D000610157 = {
			isa = PBXGroup;
			children = (
				D476B12D143BE9D000610157 /* ExampleobjectiveC11 */,
				D476B12A143BE9D000610157 /* Frameworks */,
				D476B128143BE9D000610157 /* Products */,
			);
			sourceTree = "<group>";
		};
		D476B128143BE9D000610157 /* Products */ = {
			isa = PBXGroup;
			children = (
				D476B127143BE9D000610157 /* ExampleobjectiveC11 */,
			);
			name = Products;
			sourceTree = "<group>";
		};
		D476B12A143BE9D000610157 /* Frameworks */ = {
			isa = PBXGroup;
			children = (
				D476B12B143BE9D000610157 /* Foundation.framework */,
			);
			name = Frameworks;
			sourceTree = "<group>";
		};
		D476B12D143BE9D000610157 /* ExampleobjectiveC11 */ = {
			isa = PBXGroup;
			children = (
				D476B12E143BE9D000610157 /* main.m */,
				D476B13C143BF01D00610157 /* MyClass.h */,
				D476B13D143BF01D00610157 /* MyClass.m */,
				D476B132143BE9D000610157 /* ExampleobjectiveC11.1 */,
				D476B130143BE9D000610157 /* Supporting Files */,
			);
			path = ExampleobjectiveC11;
			sourceTree = "<group>";
		};
		D476B130143BE9D000610157 /* Supporting Files */ = {
			isa = PBXGroup;
			children = (
				D476B131143BE9D000610157 /* ExampleobjectiveC11-Prefix.pch */,
			);
			name = "Supporting Files";
			sourceTree = "<group>";
		};
/* End PBXGroup section */

/* Begin PBXNativeTarget section */
		D476B126143BE9D000610157 /* ExampleobjectiveC11 */ = {
			isa = PBXNativeTarget;
			buildConfigurationList = D476B135143BE9D000610157 /* Build configuration list for PBXNativeTarget "ExampleobjectiveC11" */;
			buildPhases = (
				D476B123143BE9D000610157 /* Sources */,
				D476B124143BE9D000610157 /* Frameworks */,
				D476B125143BE9D000610157 /* CopyFiles */,
			);
			buildRules = (
			);
			dependencies = (
			);
			name = ExampleobjectiveC11;
			productName = ExampleobjectiveC11;
			productReference = D476B127143BE9D000610157 /* ExampleobjectiveC11 */;
			productType = "com.apple.product-type.tool";
		};
/* End PBXNativeTarget section */

/* Begin PBXProject section */
		D476B11E143BE9D000610157 /* Project object */ = {
			isa = PBXProject;
			buildConfigurationList = D476B121143BE9D000610157 /* Build configuration list for PBXProject "ExampleobjectiveC11" */;
			compatibilityVersion = "Xcode 3.2";
			developmentRegion = English;
			hasScannedForEncodings = 0;
			knownRegions = (
				en,
			);
			mainGroup = D476B11C143BE9D000610157;
			productRefGroup = D476B128143BE9D000610157 /* Products */;
			projectDirPath = "";
			projectRoot = "";
			targets = (
				D476B126143BE9D000610157 /* ExampleobjectiveC11 */,
			);
		};
/* End PBXProject section */

/* Begin PBXSourcesBuildPhase section */
		D476B123143BE9D000610157 /* Sources */ = {
			isa = PBXSourcesBuildPhase;
			buildActionMask = 2147483647;
			files = (
				D476B12F143BE9D000610157 /* main.m in Sources */,
				D476B13E143BF01D00610157 /* MyClass.m in Sources */,
			);
			runOnlyForDeploymentPostprocessing = 0;
		};
/* End PBXSourcesBuildPhase section */

/* Begin XCBuildConfiguration section */
		D476B133143BE9D000610157 /* Debug */ = {
			isa = XCBuildConfiguration;
			buildSettings = {
				ARCHS = "$(ARCHS_STANDARD_32_64_BIT)";
				GCC_C_LANGUAGE_STANDARD = gnu99;
				GCC_OPTIMIZATION_LEVEL = 0;
				GCC_PREPROCESSOR_DEFINITIONS = DEBUG;
				GCC_SYMBOLS_PRIVATE_EXTERN = NO;
				GCC_VERSION = com.apple.compilers.llvm.clang.1_0;
				GCC_WARN_64_TO_32_BIT_CONVERSION = YES;
				GCC_WARN_ABOUT_RETURN_TYPE = YES;
				GCC_WARN_UNUSED_VARIABLE = YES;
				MACOSX_DEPLOYMENT_TARGET = 10.6;
				ONLY_ACTIVE_ARCH = YES;
				SDKROOT = macosx;
			};
			name = Debug;
		};
		D476B134143BE9D000610157 /* Release */ = {
			isa = XCBuildConfiguration;
			buildSettings = {
				ARCHS = "$(ARCHS_STANDARD_32_64_BIT)";
				GCC_C_LANGUAGE_STANDARD = gnu99;
				GCC_VERSION = com.apple.compilers.llvm.clang.1_0;
				GCC_WARN_64_TO_32_BIT_CONVERSION = YES;
				GCC_WARN_ABOUT_RETURN_TYPE = YES;
				GCC_WARN_UNUSED_VARIABLE = YES;
				MACOSX_DEPLOYMENT_TARGET = 10.6;
				SDKROOT = macosx;
			};
			name = Release;
		};
		D476B136143BE9D000610157 /* Debug */ = {
			isa = XCBuildConfiguration;
			buildSettings = {
				ALWAYS_SEARCH_USER_PATHS = NO;
				COPY_PHASE_STRIP = NO;
				GCC_DYNAMIC_NO_PIC = NO;
				GCC_ENABLE_OBJC_EXCEPTIONS = YES;
				GCC_PRECOMPILE_PREFIX_HEADER = YES;
				GCC_PREFIX_HEADER = "ExampleobjectiveC11/ExampleobjectiveC11-Prefix.pch";
				PRODUCT_NAME = "$(TARGET_NAME)";
			};
			name = Debug;
		};
		D476B137143BE9D000610157 /* Release */ = {
			isa = XCBuildConfiguration;
			buildSettings = {
				ALWAYS_SEARCH_USER_PATHS = NO;
				COPY_PHASE_STRIP = YES;
				DEBUG_INFORMATION_FORMAT = "dwarf-with-dsym";
				GCC_ENABLE_OBJC_EXCEPTIONS = YES;
				GCC_PRECOMPILE_PREFIX_HEADER = YES;
				GCC_PREFIX_HEADER = "ExampleobjectiveC11/ExampleobjectiveC11-Prefix.pch";
				PRODUCT_NAME = "$(TARGET_NAME)";
			};
			name = Release;
		};
/* End XCBuildConfiguration section */

/* Begin XCConfigurationList section */
		D476B121143BE9D000610157 /* Build configuration list for PBXProject "ExampleobjectiveC11" */ = {
			isa = XCConfigurationList;
			buildConfigurations = (
				D476B133143BE9D000610157 /* Debug */,
				D476B134143BE9D000610157 /* Release */,
			);
			defaultConfigurationIsVisible = 0;
			defaultConfigurationName = Release;
		};
		D476B135143BE9D000610157 /* Build configuration list for PBXNativeTarget "ExampleobjectiveC11" */ = {
			isa = XCConfigurationList;
			buildConfigurations = (
				D476B136143BE9D000610157 /* Debug */,
				D476B137143BE9D000610157 /* Release */,
			);
			defaultConfigurationIsVisible = 0;
			defaultConfigurationName = Release;
		};
/* End XCConfigurationList section */
	};
	rootObject = D476B11E143BE9D000610157 /* Project object */;
}
